
Microsoft Visual Studio Solution File, Format Version 12.00
# Visual Studio Version 17
VisualStudioVersion = 17.8.34525.116
MinimumVisualStudioVersion = 10.0.40219.1
Project("{FAE04EC0-301F-11D3-BF4B-00C04F79EFBC}") = "UrbanX2", "UrbanX2\UrbanX2.csproj", "{5E2B078D-85AA-4E72-94C1-9C10ECAA826A}"
EndProject
Global
	GlobalSection(SolutionConfigurationPlatforms) = preSolution
		Debug|Any CPU = Debug|Any CPU
		Release|Any CPU = Release|Any CPU
	EndGlobalSection
	GlobalSection(ProjectConfigurationPlatforms) = postSolution
		{5E2B078D-85AA-4E72-94C1-9C10ECAA826A}.Debug|Any CPU.ActiveCfg = Debug|Any CPU
		{5E2B078D-85AA-4E72-94C1-9C10ECAA826A}.Debug|Any CPU.Build.0 = Debug|Any CPU
		{5E2B078D-85AA-4E72-94C1-9C10ECAA826A}.Release|Any CPU.ActiveCfg = Release|Any CPU
		{5E2B078D-85AA-4E72-94C1-9C10ECAA826A}.Release|Any CPU.Build.0 = Release|Any CPU
	EndGlobalSection
	GlobalSection(SolutionProperties) = preSolution
		HideSolutionNode = FALSE
	EndGlobalSection
	GlobalSection(ExtensibilityGlobals) = postSolution
		SolutionGuid = {F17B64E3-40C1-4157-BB11-89C7244CB4C4}
	EndGlobalSection
EndGlobal
